
Microsoft Visual Studio Solution File, Format Version 12.00
# Visual Studio Version 17
VisualStudioVersion = 17.0.32014.148
MinimumVisualStudioVersion = 10.0.40219.1
Project("{FAE04EC0-301F-11D3-BF4B-00C04F79EFBC}") = "ExampleMod", "ExampleMod\ExampleMod.csproj", "{281EE053-363B-4720-81B1-37EA0DE12E1F}"
EndProject
Global
	GlobalSection(SolutionConfigurationPlatforms) = preSolution
		Debug|Any CPU = Debug|Any CPU
		Release|Any CPU = Release|Any CPU
	EndGlobalSection
	GlobalSection(ProjectConfigurationPlatforms) = postSolution
		{281EE053-363B-4720-81B1-37EA0DE12E1F}.Debug|Any CPU.ActiveCfg = Debug|Any CPU
		{281EE053-363B-4720-81B1-37EA0DE12E1F}.Debug|Any CPU.Build.0 = Debug|Any CPU
		{281EE053-363B-4720-81B1-37EA0DE12E1F}.Release|Any CPU.ActiveCfg = Release|Any CPU
		{281EE053-363B-4720-81B1-37EA0DE12E1F}.Release|Any CPU.Build.0 = Release|Any CPU
	EndGlobalSection
	GlobalSection(SolutionProperties) = preSolution
		HideSolutionNode = FALSE
	EndGlobalSection
	GlobalSection(ExtensibilityGlobals) = postSolution
		SolutionGuid = {AA9D096C-D1E5-462F-BA16-2C17BB725F5D}
	EndGlobalSection
EndGlobal
